
Microsoft Visual Studio Solution File, Format Version 12.00
# Visual Studio 2012
Project("{E24C65DC-7377-472B-9ABA-BC803B73C61A}") = "ting.cnclass.net", ".", "{50396352-7B18-4C0C-8257-F2BE5C905495}"
	ProjectSection(WebsiteProperties) = preProject
		TargetFrameworkMoniker = ".NETFramework,Version%3Dv3.5"
		Debug.AspNetCompiler.VirtualPath = "/ting.cnclass.net"
		Debug.AspNetCompiler.PhysicalPath = "..\ting.cnclass.net\"
		Debug.AspNetCompiler.TargetPath = "PrecompiledWeb\ting.cnclass.net\"
		Debug.AspNetCompiler.Updateable = "true"
		Debug.AspNetCompiler.ForceOverwrite = "true"
		Debug.AspNetCompiler.FixedNames = "false"
		Debug.AspNetCompiler.Debug = "True"
		Release.AspNetCompiler.VirtualPath = "/ting.cnclass.net"
		Release.AspNetCompiler.PhysicalPath = "..\ting.cnclass.net\"
		Release.AspNetCompiler.TargetPath = "PrecompiledWeb\ting.cnclass.net\"
		Release.AspNetCompiler.Updateable = "true"
		Release.AspNetCompiler.ForceOverwrite = "true"
		Release.AspNetCompiler.FixedNames = "false"
		Release.AspNetCompiler.Debug = "False"
		VWDPort = "1202"
	EndProjectSection
EndProject
Global
	GlobalSection(SolutionConfigurationPlatforms) = preSolution
		Debug|Any CPU = Debug|Any CPU
	EndGlobalSection
	GlobalSection(ProjectConfigurationPlatforms) = postSolution
		{50396352-7B18-4C0C-8257-F2BE5C905495}.Debug|Any CPU.ActiveCfg = Debug|Any CPU
		{50396352-7B18-4C0C-8257-F2BE5C905495}.Debug|Any CPU.Build.0 = Debug|Any CPU
	EndGlobalSection
	GlobalSection(SolutionProperties) = preSolution
		HideSolutionNode = FALSE
	EndGlobalSection
EndGlobal
